
Microsoft Visual Studio Solution File, Format Version 12.00
# Visual Studio Version 17
VisualStudioVersion = 17.0.31903.59
MinimumVisualStudioVersion = 10.0.40219.1
Project("{9A19103F-16F7-4668-BE54-9A1E7A4F7556}") = "SportsStore", "SportsStore\SportsStore.csproj", "{3AEA56DE-A598-4533-A9E9-A32DE3F7B846}"
EndProject
Project("{9A19103F-16F7-4668-BE54-9A1E7A4F7556}") = "SportsStore.Tests", "SportsStore.Tests\SportsStore.Tests.csproj", "{366CC9E0-5983-4BB6-A3F5-95C604146BF3}"
EndProject
Global
	GlobalSection(SolutionConfigurationPlatforms) = preSolution
		Debug|Any CPU = Debug|Any CPU
		Release|Any CPU = Release|Any CPU
	EndGlobalSection
	GlobalSection(ProjectConfigurationPlatforms) = postSolution
		{3AEA56DE-A598-4533-A9E9-A32DE3F7B846}.Debug|Any CPU.ActiveCfg = Debug|Any CPU
		{3AEA56DE-A598-4533-A9E9-A32DE3F7B846}.Debug|Any CPU.Build.0 = Debug|Any CPU
		{3AEA56DE-A598-4533-A9E9-A32DE3F7B846}.Release|Any CPU.ActiveCfg = Release|Any CPU
		{3AEA56DE-A598-4533-A9E9-A32DE3F7B846}.Release|Any CPU.Build.0 = Release|Any CPU
		{366CC9E0-5983-4BB6-A3F5-95C604146BF3}.Debug|Any CPU.ActiveCfg = Debug|Any CPU
		{366CC9E0-5983-4BB6-A3F5-95C604146BF3}.Debug|Any CPU.Build.0 = Debug|Any CPU
		{366CC9E0-5983-4BB6-A3F5-95C604146BF3}.Release|Any CPU.ActiveCfg = Release|Any CPU
		{366CC9E0-5983-4BB6-A3F5-95C604146BF3}.Release|Any CPU.Build.0 = Release|Any CPU
	EndGlobalSection
	GlobalSection(SolutionProperties) = preSolution
		HideSolutionNode = FALSE
	EndGlobalSection
	GlobalSection(ExtensibilityGlobals) = postSolution
		SolutionGuid = {AFE66C73-21C8-4E85-9949-D4CB36A01B26}
	EndGlobalSection
EndGlobal
